
Microsoft Visual Studio Solution File, Format Version 12.00
# Visual Studio Version 17
VisualStudioVersion = 17.1.32421.90
MinimumVisualStudioVersion = 10.0.40219.1
Project("{FAE04EC0-301F-11D3-BF4B-00C04F79EFBC}") = "AppServidorMedidor", "AppServidorMedidor\AppServidorMedidor.csproj", "{ABB3A0EB-CB03-4CBB-B603-C4AAE96873E4}"
EndProject
Project("{FAE04EC0-301F-11D3-BF4B-00C04F79EFBC}") = "MedidorModel", "MedidorModel\MedidorModel.csproj", "{0EB7CB20-B967-4E13-BEFC-6D94825A2E3B}"
EndProject
Project("{FAE04EC0-301F-11D3-BF4B-00C04F79EFBC}") = "ServidorSocketUtils", "ServidorSocketUtils\ServidorSocketUtils.csproj", "{48C487B5-927C-47F4-9C3C-05B3F9229C87}"
EndProject
Global
	GlobalSection(SolutionConfigurationPlatforms) = preSolution
		Debug|Any CPU = Debug|Any CPU
		Release|Any CPU = Release|Any CPU
	EndGlobalSection
	GlobalSection(ProjectConfigurationPlatforms) = postSolution
		{ABB3A0EB-CB03-4CBB-B603-C4AAE96873E4}.Debug|Any CPU.ActiveCfg = Debug|Any CPU
		{ABB3A0EB-CB03-4CBB-B603-C4AAE96873E4}.Debug|Any CPU.Build.0 = Debug|Any CPU
		{ABB3A0EB-CB03-4CBB-B603-C4AAE96873E4}.Release|Any CPU.ActiveCfg = Release|Any CPU
		{ABB3A0EB-CB03-4CBB-B603-C4AAE96873E4}.Release|Any CPU.Build.0 = Release|Any CPU
		{0EB7CB20-B967-4E13-BEFC-6D94825A2E3B}.Debug|Any CPU.ActiveCfg = Debug|Any CPU
		{0EB7CB20-B967-4E13-BEFC-6D94825A2E3B}.Debug|Any CPU.Build.0 = Debug|Any CPU
		{0EB7CB20-B967-4E13-BEFC-6D94825A2E3B}.Release|Any CPU.ActiveCfg = Release|Any CPU
		{0EB7CB20-B967-4E13-BEFC-6D94825A2E3B}.Release|Any CPU.Build.0 = Release|Any CPU
		{48C487B5-927C-47F4-9C3C-05B3F9229C87}.Debug|Any CPU.ActiveCfg = Debug|Any CPU
		{48C487B5-927C-47F4-9C3C-05B3F9229C87}.Debug|Any CPU.Build.0 = Debug|Any CPU
		{48C487B5-927C-47F4-9C3C-05B3F9229C87}.Release|Any CPU.ActiveCfg = Release|Any CPU
		{48C487B5-927C-47F4-9C3C-05B3F9229C87}.Release|Any CPU.Build.0 = Release|Any CPU
	EndGlobalSection
	GlobalSection(SolutionProperties) = preSolution
		HideSolutionNode = FALSE
	EndGlobalSection
	GlobalSection(ExtensibilityGlobals) = postSolution
		SolutionGuid = {A60CDE47-921E-4490-8C1E-898FA529D8BF}
	EndGlobalSection
EndGlobal
